
Microsoft Visual Studio Solution File, Format Version 12.00
# Visual Studio Version 16
VisualStudioVersion = 16.0.30907.101
MinimumVisualStudioVersion = 10.0.40219.1
Project("{FAE04EC0-301F-11D3-BF4B-00C04F79EFBC}") = "WebApi1", "WebApi1.csproj", "{DAE36771-C887-40CD-A90D-7FC80E3ABA6D}"
EndProject
Global
	GlobalSection(SolutionConfigurationPlatforms) = preSolution
		Debug|Any CPU = Debug|Any CPU
		Release|Any CPU = Release|Any CPU
	EndGlobalSection
	GlobalSection(ProjectConfigurationPlatforms) = postSolution
		{DAE36771-C887-40CD-A90D-7FC80E3ABA6D}.Debug|Any CPU.ActiveCfg = Debug|Any CPU
		{DAE36771-C887-40CD-A90D-7FC80E3ABA6D}.Debug|Any CPU.Build.0 = Debug|Any CPU
		{DAE36771-C887-40CD-A90D-7FC80E3ABA6D}.Release|Any CPU.ActiveCfg = Release|Any CPU
		{DAE36771-C887-40CD-A90D-7FC80E3ABA6D}.Release|Any CPU.Build.0 = Release|Any CPU
	EndGlobalSection
	GlobalSection(SolutionProperties) = preSolution
		HideSolutionNode = FALSE
	EndGlobalSection
	GlobalSection(ExtensibilityGlobals) = postSolution
		SolutionGuid = {C2E10F7F-2B3A-47D0-88B8-818DD5CE27EB}
	EndGlobalSection
EndGlobal
