
Microsoft Visual Studio Solution File, Format Version 12.00
# Visual Studio Version 16
VisualStudioVersion = 16.0.30907.101
MinimumVisualStudioVersion = 10.0.40219.1
Project("{FAE04EC0-301F-11D3-BF4B-00C04F79EFBC}") = "L4_3_WebApi_Identity", "L4_3_WebApi_Identity.csproj", "{0797FBE3-D308-4B8B-9AC1-F7A5F776B465}"
EndProject
Global
	GlobalSection(SolutionConfigurationPlatforms) = preSolution
		Debug|Any CPU = Debug|Any CPU
		Release|Any CPU = Release|Any CPU
	EndGlobalSection
	GlobalSection(ProjectConfigurationPlatforms) = postSolution
		{0797FBE3-D308-4B8B-9AC1-F7A5F776B465}.Debug|Any CPU.ActiveCfg = Debug|Any CPU
		{0797FBE3-D308-4B8B-9AC1-F7A5F776B465}.Debug|Any CPU.Build.0 = Debug|Any CPU
		{0797FBE3-D308-4B8B-9AC1-F7A5F776B465}.Release|Any CPU.ActiveCfg = Release|Any CPU
		{0797FBE3-D308-4B8B-9AC1-F7A5F776B465}.Release|Any CPU.Build.0 = Release|Any CPU
	EndGlobalSection
	GlobalSection(SolutionProperties) = preSolution
		HideSolutionNode = FALSE
	EndGlobalSection
	GlobalSection(ExtensibilityGlobals) = postSolution
		SolutionGuid = {CF751873-1432-4502-94A4-C199CF50A73C}
	EndGlobalSection
EndGlobal
