
Microsoft Visual Studio Solution File, Format Version 12.00
# Visual Studio Version 16
VisualStudioVersion = 16.0.30907.101
MinimumVisualStudioVersion = 10.0.40219.1
Project("{9A19103F-16F7-4668-BE54-9A1E7A4F7556}") = "L3_AzureFunction", "L3_AzureFunction.csproj", "{DCA76BAA-DA9D-4C5C-90E2-812EB9DDB33C}"
EndProject
Project("{9A19103F-16F7-4668-BE54-9A1E7A4F7556}") = "ASPNETWebApi", "..\ASPNETWebApi\ASPNETWebApi.csproj", "{DD7F5031-1635-474D-8D6E-CF3733C1191A}"
EndProject
Global
	GlobalSection(SolutionConfigurationPlatforms) = preSolution
		Debug|Any CPU = Debug|Any CPU
		Release|Any CPU = Release|Any CPU
	EndGlobalSection
	GlobalSection(ProjectConfigurationPlatforms) = postSolution
		{DCA76BAA-DA9D-4C5C-90E2-812EB9DDB33C}.Debug|Any CPU.ActiveCfg = Debug|Any CPU
		{DCA76BAA-DA9D-4C5C-90E2-812EB9DDB33C}.Debug|Any CPU.Build.0 = Debug|Any CPU
		{DCA76BAA-DA9D-4C5C-90E2-812EB9DDB33C}.Release|Any CPU.ActiveCfg = Release|Any CPU
		{DCA76BAA-DA9D-4C5C-90E2-812EB9DDB33C}.Release|Any CPU.Build.0 = Release|Any CPU
		{DD7F5031-1635-474D-8D6E-CF3733C1191A}.Debug|Any CPU.ActiveCfg = Debug|Any CPU
		{DD7F5031-1635-474D-8D6E-CF3733C1191A}.Debug|Any CPU.Build.0 = Debug|Any CPU
		{DD7F5031-1635-474D-8D6E-CF3733C1191A}.Release|Any CPU.ActiveCfg = Release|Any CPU
		{DD7F5031-1635-474D-8D6E-CF3733C1191A}.Release|Any CPU.Build.0 = Release|Any CPU
	EndGlobalSection
	GlobalSection(SolutionProperties) = preSolution
		HideSolutionNode = FALSE
	EndGlobalSection
	GlobalSection(ExtensibilityGlobals) = postSolution
		SolutionGuid = {9765D366-2A01-48B3-82AF-4ED0CD5D7D47}
	EndGlobalSection
EndGlobal
